// !$*UTF8*$!
{
	archiveVersion = 1;
	classes = {
	};
	objectVersion = 46;
	objects = {

/* Begin PBXBuildFile section */
		4252E6701B5D37DD002503D4 /* Cart.m in Sources */ = {isa = PBXBuildFile; fileRef = 4252E66F1B5D37DD002503D4 /* Cart.m */; };
		42D2879E1B5B8B310018C3F3 /* main.m in Sources */ = {isa = PBXBuildFile; fileRef = 42D2879D1B5B8B310018C3F3 /* main.m */; };
		42D287A11B5B8B310018C3F3 /* AppDelegate.m in Sources */ = {isa = PBXBuildFile; fileRef = 42D287A01B5B8B310018C3F3 /* AppDelegate.m */; };
		42D287A41B5B8B310018C3F3 /* ShoppingList.xcdatamodeld in Sources */ = {isa = PBXBuildFile; fileRef = 42D287A21B5B8B310018C3F3 /* ShoppingList.xcdatamodeld */; };
		42D287A71B5B8B310018C3F3 /* ViewController.m in Sources */ = {isa = PBXBuildFile; fileRef = 42D287A61B5B8B310018C3F3 /* ViewController.m */; };
		42D287AA1B5B8B310018C3F3 /* Main.storyboard in Resources */ = {isa = PBXBuildFile; fileRef = 42D287A81B5B8B310018C3F3 /* Main.storyboard */; };
		42D287AC1B5B8B310018C3F3 /* Images.xcassets in Resources */ = {isa = PBXBuildFile; fileRef = 42D287AB1B5B8B310018C3F3 /* Images.xcassets */; };
		42D287AF1B5B8B310018C3F3 /* LaunchScreen.xib in Resources */ = {isa = PBXBuildFile; fileRef = 42D287AD1B5B8B310018C3F3 /* LaunchScreen.xib */; };
		42D287BB1B5B8B310018C3F3 /* ShoppingListTests.m in Sources */ = {isa = PBXBuildFile; fileRef = 42D287BA1B5B8B310018C3F3 /* ShoppingListTests.m */; };
/* End PBXBuildFile section */

/* Begin PBXContainerItemProxy section */
		42D287B51B5B8B310018C3F3 /* PBXContainerItemProxy */ = {
			isa = PBXContainerItemProxy;
			containerPortal = 42D287901B5B8B310018C3F3 /* Project object */;
			proxyType = 1;
			remoteGlobalIDString = 42D287971B5B8B310018C3F3;
			remoteInfo = ShoppingList;
		};
/* End PBXContainerItemProxy section */

/* Begin PBXFileReference section */
		4252E66E1B5D37DD002503D4 /* Cart.h */ = {isa = PBXFileReference; fileEncoding = 4; lastKnownFileType = sourcecode.c.h; name = Cart.h; path = ../Cart.h; sourceTree = "<group>"; };
		4252E66F1B5D37DD002503D4 /* Cart.m */ = {isa = PBXFileReference; fileEncoding = 4; lastKnownFileType = sourcecode.c.objc; name = Cart.m; path = ../Cart.m; sourceTree = "<group>"; };
		42A74C601B5FEACD001C3F3E /* ShoppingList 3.xcdatamodel */ = {isa = PBXFileReference; lastKnownFileType = wrapper.xcdatamodel; path = "ShoppingList 3.xcdatamodel"; sourceTree = "<group>"; };
		42D287981B5B8B310018C3F3 /* ShoppingList.app */ = {isa = PBXFileReference; explicitFileType = wrapper.application; includeInIndex = 0; path = ShoppingList.app; sourceTree = BUILT_PRODUCTS_DIR; };
		42D2879C1B5B8B310018C3F3 /* Info.plist */ = {isa = PBXFileReference; lastKnownFileType = text.plist.xml; path = Info.plist; sourceTree = "<group>"; };
		42D2879D1B5B8B310018C3F3 /* main.m */ = {isa = PBXFileReference; lastKnownFileType = sourcecode.c.objc; path = main.m; sourceTree = "<group>"; };
		42D2879F1B5B8B310018C3F3 /* AppDelegate.h */ = {isa = PBXFileReference; lastKnownFileType = sourcecode.c.h; path = AppDelegate.h; sourceTree = "<group>"; };
		42D287A01B5B8B310018C3F3 /* AppDelegate.m */ = {isa = PBXFileReference; lastKnownFileType = sourcecode.c.objc; path = AppDelegate.m; sourceTree = "<group>"; };
		42D287A31B5B8B310018C3F3 /* ShoppingList.xcdatamodel */ = {isa = PBXFileReference; lastKnownFileType = wrapper.xcdatamodel; path = ShoppingList.xcdatamodel; sourceTree = "<group>"; };
		42D287A51B5B8B310018C3F3 /* ViewController.h */ = {isa = PBXFileReference; lastKnownFileType = sourcecode.c.h; path = ViewController.h; sourceTree = "<group>"; };
		42D287A61B5B8B310018C3F3 /* ViewController.m */ = {isa = PBXFileReference; lastKnownFileType = sourcecode.c.objc; path = ViewController.m; sourceTree = "<group>"; };
		42D287A91B5B8B310018C3F3 /* Base */ = {isa = PBXFileReference; lastKnownFileType = file.storyboard; name = Base; path = Base.lproj/Main.storyboard; sourceTree = "<group>"; };
		42D287AB1B5B8B310018C3F3 /* Images.xcassets */ = {isa = PBXFileReference; lastKnownFileType = folder.assetcatalog; path = Images.xcassets; sourceTree = "<group>"; };
		42D287AE1B5B8B310018C3F3 /* Base */ = {isa = PBXFileReference; lastKnownFileType = file.xib; name = Base; path = Base.lproj/LaunchScreen.xib; sourceTree = "<group>"; };
		42D287B41B5B8B310018C3F3 /* ShoppingListTests.xctest */ = {isa = PBXFileReference; explicitFileType = wrapper.cfbundle; includeInIndex = 0; path = ShoppingListTests.xctest; sourceTree = BUILT_PRODUCTS_DIR; };
		42D287B91B5B8B310018C3F3 /* Info.plist */ = {isa = PBXFileReference; lastKnownFileType = text.plist.xml; path = Info.plist; sourceTree = "<group>"; };
		42D287BA1B5B8B310018C3F3 /* ShoppingListTests.m */ = {isa = PBXFileReference; lastKnownFileType = sourcecode.c.objc; path = ShoppingListTests.m; sourceTree = "<group>"; };
/* End PBXFileReference section */

/* Begin PBXFrameworksBuildPhase section */
		42D287951B5B8B310018C3F3 /* Frameworks */ = {
			isa = PBXFrameworksBuildPhase;
			buildActionMask = 2147483647;
			files = (
			);
			runOnlyForDeploymentPostprocessing = 0;
		};
		42D287B11B5B8B310018C3F3 /* Frameworks */ = {
			isa = PBXFrameworksBuildPhase;
			buildActionMask = 2147483647;
			files = (
			);
			runOnlyForDeploymentPostprocessing = 0;
		};
/* End PBXFrameworksBuildPhase section */

/* Begin PBXGroup section */
		42D2878F1B5B8B310018C3F3 = {
			isa = PBXGroup;
			children = (
				42D2879A1B5B8B310018C3F3 /* ShoppingList */,
				42D287B71B5B8B310018C3F3 /* ShoppingListTests */,
				42D287991B5B8B310018C3F3 /* Products */,
			);
			sourceTree = "<group>";
		};
		42D287991B5B8B310018C3F3 /* Products */ = {
			isa = PBXGroup;
			children = (
				42D287981B5B8B310018C3F3 /* ShoppingList.app */,
				42D287B41B5B8B310018C3F3 /* ShoppingListTests.xctest */,
			);
			name = Products;
			sourceTree = "<group>";
		};
		42D2879A1B5B8B310018C3F3 /* ShoppingList */ = {
			isa = PBXGroup;
			children = (
				42D2879F1B5B8B310018C3F3 /* AppDelegate.h */,
				42D287A01B5B8B310018C3F3 /* AppDelegate.m */,
				4252E66E1B5D37DD002503D4 /* Cart.h */,
				4252E66F1B5D37DD002503D4 /* Cart.m */,
				42D287A51B5B8B310018C3F3 /* ViewController.h */,
				42D287A61B5B8B310018C3F3 /* ViewController.m */,
				42D287A81B5B8B310018C3F3 /* Main.storyboard */,
				42D287AB1B5B8B310018C3F3 /* Images.xcassets */,
				42D287AD1B5B8B310018C3F3 /* LaunchScreen.xib */,
				42D287A21B5B8B310018C3F3 /* ShoppingList.xcdatamodeld */,
				42D2879B1B5B8B310018C3F3 /* Supporting Files */,
			);
			path = ShoppingList;
			sourceTree = "<group>";
		};
		42D2879B1B5B8B310018C3F3 /* Supporting Files */ = {
			isa = PBXGroup;
			children = (
				42D2879C1B5B8B310018C3F3 /* Info.plist */,
				42D2879D1B5B8B310018C3F3 /* main.m */,
			);
			name = "Supporting Files";
			sourceTree = "<group>";
		};
		42D287B71B5B8B310018C3F3 /* ShoppingListTests */ = {
			isa = PBXGroup;
			children = (
				42D287BA1B5B8B310018C3F3 /* ShoppingListTests.m */,
				42D287B81B5B8B310018C3F3 /* Supporting Files */,
			);
			path = ShoppingListTests;
			sourceTree = "<group>";
		};
		42D287B81B5B8B310018C3F3 /* Supporting Files */ = {
			isa = PBXGroup;
			children = (
				42D287B91B5B8B310018C3F3 /* Info.plist */,
			);
			name = "Supporting Files";
			sourceTree = "<group>";
		};
/* End PBXGroup section */

/* Begin PBXNativeTarget section */
		42D287971B5B8B310018C3F3 /* ShoppingList */ = {
			isa = PBXNativeTarget;
			buildConfigurationList = 42D287BE1B5B8B310018C3F3 /* Build configuration list for PBXNativeTarget "ShoppingList" */;
			buildPhases = (
				42D287941B5B8B310018C3F3 /* Sources */,
				42D287951B5B8B310018C3F3 /* Frameworks */,
				42D287961B5B8B310018C3F3 /* Resources */,
			);
			buildRules = (
			);
			dependencies = (
			);
			name = ShoppingList;
			productName = ShoppingList;
			productReference = 42D287981B5B8B310018C3F3 /* ShoppingList.app */;
			productType = "com.apple.product-type.application";
		};
		42D287B31B5B8B310018C3F3 /* ShoppingListTests */ = {
			isa = PBXNativeTarget;
			buildConfigurationList = 42D287C11B5B8B310018C3F3 /* Build configuration list for PBXNativeTarget "ShoppingListTests" */;
			buildPhases = (
				42D287B01B5B8B310018C3F3 /* Sources */,
				42D287B11B5B8B310018C3F3 /* Frameworks */,
				42D287B21B5B8B310018C3F3 /* Resources */,
			);
			buildRules = (
			);
			dependencies = (
				42D287B61B5B8B310018C3F3 /* PBXTargetDependency */,
			);
			name = ShoppingListTests;
			productName = ShoppingListTests;
			productReference = 42D287B41B5B8B310018C3F3 /* ShoppingListTests.xctest */;
			productType = "com.apple.product-type.bundle.unit-test";
		};
/* End PBXNativeTarget section */

/* Begin PBXProject section */
		42D287901B5B8B310018C3F3 /* Project object */ = {
			isa = PBXProject;
			attributes = {
				LastUpgradeCheck = 0640;
				ORGANIZATIONNAME = iKompass;
				TargetAttributes = {
					42D287971B5B8B310018C3F3 = {
						CreatedOnToolsVersion = 6.4;
					};
					42D287B31B5B8B310018C3F3 = {
						CreatedOnToolsVersion = 6.4;
						TestTargetID = 42D287971B5B8B310018C3F3;
					};
				};
			};
			buildConfigurationList = 42D287931B5B8B310018C3F3 /* Build configuration list for PBXProject "ShoppingList" */;
			compatibilityVersion = "Xcode 3.2";
			developmentRegion = English;
			hasScannedForEncodings = 0;
			knownRegions = (
				en,
				Base,
			);
			mainGroup = 42D2878F1B5B8B310018C3F3;
			productRefGroup = 42D287991B5B8B310018C3F3 /* Products */;
			projectDirPath = "";
			projectRoot = "";
			targets = (
				42D287971B5B8B310018C3F3 /* ShoppingList */,
				42D287B31B5B8B310018C3F3 /* ShoppingListTests */,
			);
		};
/* End PBXProject section */

/* Begin PBXResourcesBuildPhase section */
		42D287961B5B8B310018C3F3 /* Resources */ = {
			isa = PBXResourcesBuildPhase;
			buildActionMask = 2147483647;
			files = (
				42D287AA1B5B8B310018C3F3 /* Main.storyboard in Resources */,
				42D287AF1B5B8B310018C3F3 /* LaunchScreen.xib in Resources */,
				42D287AC1B5B8B310018C3F3 /* Images.xcassets in Resources */,
			);
			runOnlyForDeploymentPostprocessing = 0;
		};
		42D287B21B5B8B310018C3F3 /* Resources */ = {
			isa = PBXResourcesBuildPhase;
			buildActionMask = 2147483647;
			files = (
			);
			runOnlyForDeploymentPostprocessing = 0;
		};
/* End PBXResourcesBuildPhase section */

/* Begin PBXSourcesBuildPhase section */
		42D287941B5B8B310018C3F3 /* Sources */ = {
			isa = PBXSourcesBuildPhase;
			buildActionMask = 2147483647;
			files = (
				4252E6701B5D37DD002503D4 /* Cart.m in Sources */,
				42D287A41B5B8B310018C3F3 /* ShoppingList.xcdatamodeld in Sources */,
				42D287A11B5B8B310018C3F3 /* AppDelegate.m in Sources */,
				42D287A71B5B8B310018C3F3 /* ViewController.m in Sources */,
				42D2879E1B5B8B310018C3F3 /* main.m in Sources */,
			);
			runOnlyForDeploymentPostprocessing = 0;
		};
		42D287B01B5B8B310018C3F3 /* Sources */ = {
			isa = PBXSourcesBuildPhase;
			buildActionMask = 2147483647;
			files = (
				42D287BB1B5B8B310018C3F3 /* ShoppingListTests.m in Sources */,
			);
			runOnlyForDeploymentPostprocessing = 0;
		};
/* End PBXSourcesBuildPhase section */

/* Begin PBXTargetDependency section */
		42D287B61B5B8B310018C3F3 /* PBXTargetDependency */ = {
			isa = PBXTargetDependency;
			target = 42D287971B5B8B310018C3F3 /* ShoppingList */;
			targetProxy = 42D287B51B5B8B310018C3F3 /* PBXContainerItemProxy */;
		};
/* End PBXTargetDependency section */

/* Begin PBXVariantGroup section */
		42D287A81B5B8B310018C3F3 /* Main.storyboard */ = {
			isa = PBXVariantGroup;
			children = (
				42D287A91B5B8B310018C3F3 /* Base */,
			);
			name = Main.storyboard;
			sourceTree = "<group>";
		};
		42D287AD1B5B8B310018C3F3 /* LaunchScreen.xib */ = {
			isa = PBXVariantGroup;
			children = (
				42D287AE1B5B8B310018C3F3 /* Base */,
			);
			name = LaunchScreen.xib;
			sourceTree = "<group>";
		};
/* End PBXVariantGroup section */

/* Begin XCBuildConfiguration section */
		42D287BC1B5B8B310018C3F3 /* Debug */ = {
			isa = XCBuildConfiguration;
			buildSettings = {
				ALWAYS_SEARCH_USER_PATHS = NO;
				CLANG_CXX_LANGUAGE_STANDARD = "gnu++0x";
				CLANG_CXX_LIBRARY = "libc++";
				CLANG_ENABLE_MODULES = YES;
				CLANG_ENABLE_OBJC_ARC = YES;
				CLANG_WARN_BOOL_CONVERSION = YES;
				CLANG_WARN_CONSTANT_CONVERSION = YES;
				CLANG_WARN_DIRECT_OBJC_ISA_USAGE = YES_ERROR;
				CLANG_WARN_EMPTY_BODY = YES;
				CLANG_WARN_ENUM_CONVERSION = YES;
				CLANG_WARN_INT_CONVERSION = YES;
				CLANG_WARN_OBJC_ROOT_CLASS = YES_ERROR;
				CLANG_WARN_UNREACHABLE_CODE = YES;
				CLANG_WARN__DUPLICATE_METHOD_MATCH = YES;
				"CODE_SIGN_IDENTITY[sdk=iphoneos*]" = "iPhone Developer";
				COPY_PHASE_STRIP = NO;
				DEBUG_INFORMATION_FORMAT = "dwarf-with-dsym";
				ENABLE_STRICT_OBJC_MSGSEND = YES;
				GCC_C_LANGUAGE_STANDARD = gnu99;
				GCC_DYNAMIC_NO_PIC = NO;
				GCC_NO_COMMON_BLOCKS = YES;
				GCC_OPTIMIZATION_LEVEL = 0;
				GCC_PREPROCESSOR_DEFINITIONS = (
					"DEBUG=1",
					"$(inherited)",
				);
				GCC_SYMBOLS_PRIVATE_EXTERN = NO;
				GCC_WARN_64_TO_32_BIT_CONVERSION = YES;
				GCC_WARN_ABOUT_RETURN_TYPE = YES_ERROR;
				GCC_WARN_UNDECLARED_SELECTOR = YES;
				GCC_WARN_UNINITIALIZED_AUTOS = YES_AGGRESSIVE;
				GCC_WARN_UNUSED_FUNCTION = YES;
				GCC_WARN_UNUSED_VARIABLE = YES;
				IPHONEOS_DEPLOYMENT_TARGET = 8.4;
				MTL_ENABLE_DEBUG_INFO = YES;
				ONLY_ACTIVE_ARCH = YES;
				SDKROOT = iphoneos;
				TARGETED_DEVICE_FAMILY = "1,2";
			};
			name = Debug;
		};
		42D287BD1B5B8B310018C3F3 /* Release */ = {
			isa = XCBuildConfiguration;
			buildSettings = {
				ALWAYS_SEARCH_USER_PATHS = NO;
				CLANG_CXX_LANGUAGE_STANDARD = "gnu++0x";
				CLANG_CXX_LIBRARY = "libc++";
				CLANG_ENABLE_MODULES = YES;
				CLANG_ENABLE_OBJC_ARC = YES;
				CLANG_WARN_BOOL_CONVERSION = YES;
				CLANG_WARN_CONSTANT_CONVERSION = YES;
				CLANG_WARN_DIRECT_OBJC_ISA_USAGE = YES_ERROR;
				CLANG_WARN_EMPTY_BODY = YES;
				CLANG_WARN_ENUM_CONVERSION = YES;
				CLANG_WARN_INT_CONVERSION = YES;
				CLANG_WARN_OBJC_ROOT_CLASS = YES_ERROR;
				CLANG_WARN_UNREACHABLE_CODE = YES;
				CLANG_WARN__DUPLICATE_METHOD_MATCH = YES;
				"CODE_SIGN_IDENTITY[sdk=iphoneos*]" = "iPhone Developer";
				COPY_PHASE_STRIP = NO;
				DEBUG_INFORMATION_FORMAT = "dwarf-with-dsym";
				ENABLE_NS_ASSERTIONS = NO;
				ENABLE_STRICT_OBJC_MSGSEND = YES;
				GCC_C_LANGUAGE_STANDARD = gnu99;
				GCC_NO_COMMON_BLOCKS = YES;
				GCC_WARN_64_TO_32_BIT_CONVERSION = YES;
				GCC_WARN_ABOUT_RETURN_TYPE = YES_ERROR;
				GCC_WARN_UNDECLARED_SELECTOR = YES;
				GCC_WARN_UNINITIALIZED_AUTOS = YES_AGGRESSIVE;
				GCC_WARN_UNUSED_FUNCTION = YES;
				GCC_WARN_UNUSED_VARIABLE = YES;
				IPHONEOS_DEPLOYMENT_TARGET = 8.4;
				MTL_ENABLE_DEBUG_INFO = NO;
				SDKROOT = iphoneos;
				TARGETED_DEVICE_FAMILY = "1,2";
				VALIDATE_PRODUCT = YES;
			};
			name = Release;
		};
		42D287BF1B5B8B310018C3F3 /* Debug */ = {
			isa = XCBuildConfiguration;
			buildSettings = {
				ASSETCATALOG_COMPILER_APPICON_NAME = AppIcon;
				INFOPLIST_FILE = ShoppingList/Info.plist;
				LD_RUNPATH_SEARCH_PATHS = "$(inherited) @executable_path/Frameworks";
				PRODUCT_NAME = "$(TARGET_NAME)";
			};
			name = Debug;
		};
		42D287C01B5B8B310018C3F3 /* Release */ = {
			isa = XCBuildConfiguration;
			buildSettings = {
				ASSETCATALOG_COMPILER_APPICON_NAME = AppIcon;
				INFOPLIST_FILE = ShoppingList/Info.plist;
				LD_RUNPATH_SEARCH_PATHS = "$(inherited) @executable_path/Frameworks";
				PRODUCT_NAME = "$(TARGET_NAME)";
			};
			name = Release;
		};
		42D287C21B5B8B310018C3F3 /* Debug */ = {
			isa = XCBuildConfiguration;
			buildSettings = {
				BUNDLE_LOADER = "$(TEST_HOST)";
				FRAMEWORK_SEARCH_PATHS = (
					"$(SDKROOT)/Developer/Library/Frameworks",
					"$(inherited)",
				);
				GCC_PREPROCESSOR_DEFINITIONS = (
					"DEBUG=1",
					"$(inherited)",
				);
				INFOPLIST_FILE = ShoppingListTests/Info.plist;
				LD_RUNPATH_SEARCH_PATHS = "$(inherited) @executable_path/Frameworks @loader_path/Frameworks";
				PRODUCT_NAME = "$(TARGET_NAME)";
				TEST_HOST = "$(BUILT_PRODUCTS_DIR)/ShoppingList.app/ShoppingList";
			};
			name = Debug;
		};
		42D287C31B5B8B310018C3F3 /* Release */ = {
			isa = XCBuildConfiguration;
			buildSettings = {
				BUNDLE_LOADER = "$(TEST_HOST)";
				FRAMEWORK_SEARCH_PATHS = (
					"$(SDKROOT)/Developer/Library/Frameworks",
					"$(inherited)",
				);
				INFOPLIST_FILE = ShoppingListTests/Info.plist;
				LD_RUNPATH_SEARCH_PATHS = "$(inherited) @executable_path/Frameworks @loader_path/Frameworks";
				PRODUCT_NAME = "$(TARGET_NAME)";
				TEST_HOST = "$(BUILT_PRODUCTS_DIR)/ShoppingList.app/ShoppingList";
			};
			name = Release;
		};
/* End XCBuildConfiguration section */

/* Begin XCConfigurationList section */
		42D287931B5B8B310018C3F3 /* Build configuration list for PBXProject "ShoppingList" */ = {
			isa = XCConfigurationList;
			buildConfigurations = (
				42D287BC1B5B8B310018C3F3 /* Debug */,
				42D287BD1B5B8B310018C3F3 /* Release */,
			);
			defaultConfigurationIsVisible = 0;
			defaultConfigurationName = Release;
		};
		42D287BE1B5B8B310018C3F3 /* Build configuration list for PBXNativeTarget "ShoppingList" */ = {
			isa = XCConfigurationList;
			buildConfigurations = (
				42D287BF1B5B8B310018C3F3 /* Debug */,
				42D287C01B5B8B310018C3F3 /* Release */,
			);
			defaultConfigurationIsVisible = 0;
			defaultConfigurationName = Release;
		};
		42D287C11B5B8B310018C3F3 /* Build configuration list for PBXNativeTarget "ShoppingListTests" */ = {
			isa = XCConfigurationList;
			buildConfigurations = (
				42D287C21B5B8B310018C3F3 /* Debug */,
				42D287C31B5B8B310018C3F3 /* Release */,
			);
			defaultConfigurationIsVisible = 0;
			defaultConfigurationName = Release;
		};
/* End XCConfigurationList section */

/* Begin XCVersionGroup section */
		42D287A21B5B8B310018C3F3 /* ShoppingList.xcdatamodeld */ = {
			isa = XCVersionGroup;
			children = (
				42A74C601B5FEACD001C3F3E /* ShoppingList 3.xcdatamodel */,
				42D287A31B5B8B310018C3F3 /* ShoppingList.xcdatamodel */,
			);
			currentVersion = 42D287A31B5B8B310018C3F3 /* ShoppingList.xcdatamodel */;
			path = ShoppingList.xcdatamodeld;
			sourceTree = "<group>";
			versionGroupType = wrapper.xcdatamodel;
		};
/* End XCVersionGroup section */
	};
	rootObject = 42D287901B5B8B310018C3F3 /* Project object */;
}
