// !$*UTF8*$!
{
	archiveVersion = 1;
	classes = {
	};
	objectVersion = 46;
	objects = {

/* Begin PBXBuildFile section */
		8432AAF01B52498B00F6A7ED /* main.m in Sources */ = {isa = PBXBuildFile; fileRef = 8432AAEF1B52498B00F6A7ED /* main.m */; };
		8432AAF31B52498B00F6A7ED /* AppDelegate.m in Sources */ = {isa = PBXBuildFile; fileRef = 8432AAF21B52498B00F6A7ED /* AppDelegate.m */; };
		8432AAF61B52498B00F6A7ED /* ViewController.m in Sources */ = {isa = PBXBuildFile; fileRef = 8432AAF51B52498B00F6A7ED /* ViewController.m */; };
		8432AAF91B52498B00F6A7ED /* Main.storyboard in Resources */ = {isa = PBXBuildFile; fileRef = 8432AAF71B52498B00F6A7ED /* Main.storyboard */; };
		8432AAFB1B52498B00F6A7ED /* Images.xcassets in Resources */ = {isa = PBXBuildFile; fileRef = 8432AAFA1B52498B00F6A7ED /* Images.xcassets */; };
		8432AAFE1B52498B00F6A7ED /* LaunchScreen.xib in Resources */ = {isa = PBXBuildFile; fileRef = 8432AAFC1B52498B00F6A7ED /* LaunchScreen.xib */; };
		8432AB0A1B52498B00F6A7ED /* SpiderBrowserTests.m in Sources */ = {isa = PBXBuildFile; fileRef = 8432AB091B52498B00F6A7ED /* SpiderBrowserTests.m */; };
/* End PBXBuildFile section */

/* Begin PBXContainerItemProxy section */
		8432AB041B52498B00F6A7ED /* PBXContainerItemProxy */ = {
			isa = PBXContainerItemProxy;
			containerPortal = 8432AAE21B52498B00F6A7ED /* Project object */;
			proxyType = 1;
			remoteGlobalIDString = 8432AAE91B52498B00F6A7ED;
			remoteInfo = SpiderBrowser;
		};
/* End PBXContainerItemProxy section */

/* Begin PBXFileReference section */
		8432AAEA1B52498B00F6A7ED /* SpiderBrowser.app */ = {isa = PBXFileReference; explicitFileType = wrapper.application; includeInIndex = 0; path = SpiderBrowser.app; sourceTree = BUILT_PRODUCTS_DIR; };
		8432AAEE1B52498B00F6A7ED /* Info.plist */ = {isa = PBXFileReference; lastKnownFileType = text.plist.xml; path = Info.plist; sourceTree = "<group>"; };
		8432AAEF1B52498B00F6A7ED /* main.m */ = {isa = PBXFileReference; lastKnownFileType = sourcecode.c.objc; path = main.m; sourceTree = "<group>"; };
		8432AAF11B52498B00F6A7ED /* AppDelegate.h */ = {isa = PBXFileReference; lastKnownFileType = sourcecode.c.h; path = AppDelegate.h; sourceTree = "<group>"; };
		8432AAF21B52498B00F6A7ED /* AppDelegate.m */ = {isa = PBXFileReference; lastKnownFileType = sourcecode.c.objc; path = AppDelegate.m; sourceTree = "<group>"; };
		8432AAF41B52498B00F6A7ED /* ViewController.h */ = {isa = PBXFileReference; lastKnownFileType = sourcecode.c.h; path = ViewController.h; sourceTree = "<group>"; };
		8432AAF51B52498B00F6A7ED /* ViewController.m */ = {isa = PBXFileReference; lastKnownFileType = sourcecode.c.objc; path = ViewController.m; sourceTree = "<group>"; };
		8432AAF81B52498B00F6A7ED /* Base */ = {isa = PBXFileReference; lastKnownFileType = file.storyboard; name = Base; path = Base.lproj/Main.storyboard; sourceTree = "<group>"; };
		8432AAFA1B52498B00F6A7ED /* Images.xcassets */ = {isa = PBXFileReference; lastKnownFileType = folder.assetcatalog; path = Images.xcassets; sourceTree = "<group>"; };
		8432AAFD1B52498B00F6A7ED /* Base */ = {isa = PBXFileReference; lastKnownFileType = file.xib; name = Base; path = Base.lproj/LaunchScreen.xib; sourceTree = "<group>"; };
		8432AB031B52498B00F6A7ED /* SpiderBrowserTests.xctest */ = {isa = PBXFileReference; explicitFileType = wrapper.cfbundle; includeInIndex = 0; path = SpiderBrowserTests.xctest; sourceTree = BUILT_PRODUCTS_DIR; };
		8432AB081B52498B00F6A7ED /* Info.plist */ = {isa = PBXFileReference; lastKnownFileType = text.plist.xml; path = Info.plist; sourceTree = "<group>"; };
		8432AB091B52498B00F6A7ED /* SpiderBrowserTests.m */ = {isa = PBXFileReference; lastKnownFileType = sourcecode.c.objc; path = SpiderBrowserTests.m; sourceTree = "<group>"; };
/* End PBXFileReference section */

/* Begin PBXFrameworksBuildPhase section */
		8432AAE71B52498B00F6A7ED /* Frameworks */ = {
			isa = PBXFrameworksBuildPhase;
			buildActionMask = 2147483647;
			files = (
			);
			runOnlyForDeploymentPostprocessing = 0;
		};
		8432AB001B52498B00F6A7ED /* Frameworks */ = {
			isa = PBXFrameworksBuildPhase;
			buildActionMask = 2147483647;
			files = (
			);
			runOnlyForDeploymentPostprocessing = 0;
		};
/* End PBXFrameworksBuildPhase section */

/* Begin PBXGroup section */
		8432AAE11B52498B00F6A7ED = {
			isa = PBXGroup;
			children = (
				8432AAEC1B52498B00F6A7ED /* SpiderBrowser */,
				8432AB061B52498B00F6A7ED /* SpiderBrowserTests */,
				8432AAEB1B52498B00F6A7ED /* Products */,
			);
			sourceTree = "<group>";
		};
		8432AAEB1B52498B00F6A7ED /* Products */ = {
			isa = PBXGroup;
			children = (
				8432AAEA1B52498B00F6A7ED /* SpiderBrowser.app */,
				8432AB031B52498B00F6A7ED /* SpiderBrowserTests.xctest */,
			);
			name = Products;
			sourceTree = "<group>";
		};
		8432AAEC1B52498B00F6A7ED /* SpiderBrowser */ = {
			isa = PBXGroup;
			children = (
				8432AAF11B52498B00F6A7ED /* AppDelegate.h */,
				8432AAF21B52498B00F6A7ED /* AppDelegate.m */,
				8432AAF41B52498B00F6A7ED /* ViewController.h */,
				8432AAF51B52498B00F6A7ED /* ViewController.m */,
				8432AAF71B52498B00F6A7ED /* Main.storyboard */,
				8432AAFA1B52498B00F6A7ED /* Images.xcassets */,
				8432AAFC1B52498B00F6A7ED /* LaunchScreen.xib */,
				8432AAED1B52498B00F6A7ED /* Supporting Files */,
			);
			path = SpiderBrowser;
			sourceTree = "<group>";
		};
		8432AAED1B52498B00F6A7ED /* Supporting Files */ = {
			isa = PBXGroup;
			children = (
				8432AAEE1B52498B00F6A7ED /* Info.plist */,
				8432AAEF1B52498B00F6A7ED /* main.m */,
			);
			name = "Supporting Files";
			sourceTree = "<group>";
		};
		8432AB061B52498B00F6A7ED /* SpiderBrowserTests */ = {
			isa = PBXGroup;
			children = (
				8432AB091B52498B00F6A7ED /* SpiderBrowserTests.m */,
				8432AB071B52498B00F6A7ED /* Supporting Files */,
			);
			path = SpiderBrowserTests;
			sourceTree = "<group>";
		};
		8432AB071B52498B00F6A7ED /* Supporting Files */ = {
			isa = PBXGroup;
			children = (
				8432AB081B52498B00F6A7ED /* Info.plist */,
			);
			name = "Supporting Files";
			sourceTree = "<group>";
		};
/* End PBXGroup section */

/* Begin PBXNativeTarget section */
		8432AAE91B52498B00F6A7ED /* SpiderBrowser */ = {
			isa = PBXNativeTarget;
			buildConfigurationList = 8432AB0D1B52498B00F6A7ED /* Build configuration list for PBXNativeTarget "SpiderBrowser" */;
			buildPhases = (
				8432AAE61B52498B00F6A7ED /* Sources */,
				8432AAE71B52498B00F6A7ED /* Frameworks */,
				8432AAE81B52498B00F6A7ED /* Resources */,
			);
			buildRules = (
			);
			dependencies = (
			);
			name = SpiderBrowser;
			productName = SpiderBrowser;
			productReference = 8432AAEA1B52498B00F6A7ED /* SpiderBrowser.app */;
			productType = "com.apple.product-type.application";
		};
		8432AB021B52498B00F6A7ED /* SpiderBrowserTests */ = {
			isa = PBXNativeTarget;
			buildConfigurationList = 8432AB101B52498B00F6A7ED /* Build configuration list for PBXNativeTarget "SpiderBrowserTests" */;
			buildPhases = (
				8432AAFF1B52498B00F6A7ED /* Sources */,
				8432AB001B52498B00F6A7ED /* Frameworks */,
				8432AB011B52498B00F6A7ED /* Resources */,
			);
			buildRules = (
			);
			dependencies = (
				8432AB051B52498B00F6A7ED /* PBXTargetDependency */,
			);
			name = SpiderBrowserTests;
			productName = SpiderBrowserTests;
			productReference = 8432AB031B52498B00F6A7ED /* SpiderBrowserTests.xctest */;
			productType = "com.apple.product-type.bundle.unit-test";
		};
/* End PBXNativeTarget section */

/* Begin PBXProject section */
		8432AAE21B52498B00F6A7ED /* Project object */ = {
			isa = PBXProject;
			attributes = {
				LastUpgradeCheck = 0610;
				ORGANIZATIONNAME = iKompass;
				TargetAttributes = {
					8432AAE91B52498B00F6A7ED = {
						CreatedOnToolsVersion = 6.1;
					};
					8432AB021B52498B00F6A7ED = {
						CreatedOnToolsVersion = 6.1;
						TestTargetID = 8432AAE91B52498B00F6A7ED;
					};
				};
			};
			buildConfigurationList = 8432AAE51B52498B00F6A7ED /* Build configuration list for PBXProject "SpiderBrowser" */;
			compatibilityVersion = "Xcode 3.2";
			developmentRegion = English;
			hasScannedForEncodings = 0;
			knownRegions = (
				en,
				Base,
			);
			mainGroup = 8432AAE11B52498B00F6A7ED;
			productRefGroup = 8432AAEB1B52498B00F6A7ED /* Products */;
			projectDirPath = "";
			projectRoot = "";
			targets = (
				8432AAE91B52498B00F6A7ED /* SpiderBrowser */,
				8432AB021B52498B00F6A7ED /* SpiderBrowserTests */,
			);
		};
/* End PBXProject section */

/* Begin PBXResourcesBuildPhase section */
		8432AAE81B52498B00F6A7ED /* Resources */ = {
			isa = PBXResourcesBuildPhase;
			buildActionMask = 2147483647;
			files = (
				8432AAF91B52498B00F6A7ED /* Main.storyboard in Resources */,
				8432AAFE1B52498B00F6A7ED /* LaunchScreen.xib in Resources */,
				8432AAFB1B52498B00F6A7ED /* Images.xcassets in Resources */,
			);
			runOnlyForDeploymentPostprocessing = 0;
		};
		8432AB011B52498B00F6A7ED /* Resources */ = {
			isa = PBXResourcesBuildPhase;
			buildActionMask = 2147483647;
			files = (
			);
			runOnlyForDeploymentPostprocessing = 0;
		};
/* End PBXResourcesBuildPhase section */

/* Begin PBXSourcesBuildPhase section */
		8432AAE61B52498B00F6A7ED /* Sources */ = {
			isa = PBXSourcesBuildPhase;
			buildActionMask = 2147483647;
			files = (
				8432AAF61B52498B00F6A7ED /* ViewController.m in Sources */,
				8432AAF31B52498B00F6A7ED /* AppDelegate.m in Sources */,
				8432AAF01B52498B00F6A7ED /* main.m in Sources */,
			);
			runOnlyForDeploymentPostprocessing = 0;
		};
		8432AAFF1B52498B00F6A7ED /* Sources */ = {
			isa = PBXSourcesBuildPhase;
			buildActionMask = 2147483647;
			files = (
				8432AB0A1B52498B00F6A7ED /* SpiderBrowserTests.m in Sources */,
			);
			runOnlyForDeploymentPostprocessing = 0;
		};
/* End PBXSourcesBuildPhase section */

/* Begin PBXTargetDependency section */
		8432AB051B52498B00F6A7ED /* PBXTargetDependency */ = {
			isa = PBXTargetDependency;
			target = 8432AAE91B52498B00F6A7ED /* SpiderBrowser */;
			targetProxy = 8432AB041B52498B00F6A7ED /* PBXContainerItemProxy */;
		};
/* End PBXTargetDependency section */

/* Begin PBXVariantGroup section */
		8432AAF71B52498B00F6A7ED /* Main.storyboard */ = {
			isa = PBXVariantGroup;
			children = (
				8432AAF81B52498B00F6A7ED /* Base */,
			);
			name = Main.storyboard;
			sourceTree = "<group>";
		};
		8432AAFC1B52498B00F6A7ED /* LaunchScreen.xib */ = {
			isa = PBXVariantGroup;
			children = (
				8432AAFD1B52498B00F6A7ED /* Base */,
			);
			name = LaunchScreen.xib;
			sourceTree = "<group>";
		};
/* End PBXVariantGroup section */

/* Begin XCBuildConfiguration section */
		8432AB0B1B52498B00F6A7ED /* Debug */ = {
			isa = XCBuildConfiguration;
			buildSettings = {
				ALWAYS_SEARCH_USER_PATHS = NO;
				CLANG_CXX_LANGUAGE_STANDARD = "gnu++0x";
				CLANG_CXX_LIBRARY = "libc++";
				CLANG_ENABLE_MODULES = YES;
				CLANG_ENABLE_OBJC_ARC = YES;
				CLANG_WARN_BOOL_CONVERSION = YES;
				CLANG_WARN_CONSTANT_CONVERSION = YES;
				CLANG_WARN_DIRECT_OBJC_ISA_USAGE = YES_ERROR;
				CLANG_WARN_EMPTY_BODY = YES;
				CLANG_WARN_ENUM_CONVERSION = YES;
				CLANG_WARN_INT_CONVERSION = YES;
				CLANG_WARN_OBJC_ROOT_CLASS = YES_ERROR;
				CLANG_WARN_UNREACHABLE_CODE = YES;
				CLANG_WARN__DUPLICATE_METHOD_MATCH = YES;
				"CODE_SIGN_IDENTITY[sdk=iphoneos*]" = "iPhone Developer";
				COPY_PHASE_STRIP = NO;
				ENABLE_STRICT_OBJC_MSGSEND = YES;
				GCC_C_LANGUAGE_STANDARD = gnu99;
				GCC_DYNAMIC_NO_PIC = NO;
				GCC_OPTIMIZATION_LEVEL = 0;
				GCC_PREPROCESSOR_DEFINITIONS = (
					"DEBUG=1",
					"$(inherited)",
				);
				GCC_SYMBOLS_PRIVATE_EXTERN = NO;
				GCC_WARN_64_TO_32_BIT_CONVERSION = YES;
				GCC_WARN_ABOUT_RETURN_TYPE = YES_ERROR;
				GCC_WARN_UNDECLARED_SELECTOR = YES;
				GCC_WARN_UNINITIALIZED_AUTOS = YES_AGGRESSIVE;
				GCC_WARN_UNUSED_FUNCTION = YES;
				GCC_WARN_UNUSED_VARIABLE = YES;
				IPHONEOS_DEPLOYMENT_TARGET = 8.1;
				MTL_ENABLE_DEBUG_INFO = YES;
				ONLY_ACTIVE_ARCH = YES;
				SDKROOT = iphoneos;
			};
			name = Debug;
		};
		8432AB0C1B52498B00F6A7ED /* Release */ = {
			isa = XCBuildConfiguration;
			buildSettings = {
				ALWAYS_SEARCH_USER_PATHS = NO;
				CLANG_CXX_LANGUAGE_STANDARD = "gnu++0x";
				CLANG_CXX_LIBRARY = "libc++";
				CLANG_ENABLE_MODULES = YES;
				CLANG_ENABLE_OBJC_ARC = YES;
				CLANG_WARN_BOOL_CONVERSION = YES;
				CLANG_WARN_CONSTANT_CONVERSION = YES;
				CLANG_WARN_DIRECT_OBJC_ISA_USAGE = YES_ERROR;
				CLANG_WARN_EMPTY_BODY = YES;
				CLANG_WARN_ENUM_CONVERSION = YES;
				CLANG_WARN_INT_CONVERSION = YES;
				CLANG_WARN_OBJC_ROOT_CLASS = YES_ERROR;
				CLANG_WARN_UNREACHABLE_CODE = YES;
				CLANG_WARN__DUPLICATE_METHOD_MATCH = YES;
				"CODE_SIGN_IDENTITY[sdk=iphoneos*]" = "iPhone Developer";
				COPY_PHASE_STRIP = YES;
				ENABLE_NS_ASSERTIONS = NO;
				ENABLE_STRICT_OBJC_MSGSEND = YES;
				GCC_C_LANGUAGE_STANDARD = gnu99;
				GCC_WARN_64_TO_32_BIT_CONVERSION = YES;
				GCC_WARN_ABOUT_RETURN_TYPE = YES_ERROR;
				GCC_WARN_UNDECLARED_SELECTOR = YES;
				GCC_WARN_UNINITIALIZED_AUTOS = YES_AGGRESSIVE;
				GCC_WARN_UNUSED_FUNCTION = YES;
				GCC_WARN_UNUSED_VARIABLE = YES;
				IPHONEOS_DEPLOYMENT_TARGET = 8.1;
				MTL_ENABLE_DEBUG_INFO = NO;
				SDKROOT = iphoneos;
				VALIDATE_PRODUCT = YES;
			};
			name = Release;
		};
		8432AB0E1B52498B00F6A7ED /* Debug */ = {
			isa = XCBuildConfiguration;
			buildSettings = {
				ASSETCATALOG_COMPILER_APPICON_NAME = AppIcon;
				INFOPLIST_FILE = SpiderBrowser/Info.plist;
				LD_RUNPATH_SEARCH_PATHS = "$(inherited) @executable_path/Frameworks";
				PRODUCT_NAME = "$(TARGET_NAME)";
			};
			name = Debug;
		};
		8432AB0F1B52498B00F6A7ED /* Release */ = {
			isa = XCBuildConfiguration;
			buildSettings = {
				ASSETCATALOG_COMPILER_APPICON_NAME = AppIcon;
				INFOPLIST_FILE = SpiderBrowser/Info.plist;
				LD_RUNPATH_SEARCH_PATHS = "$(inherited) @executable_path/Frameworks";
				PRODUCT_NAME = "$(TARGET_NAME)";
			};
			name = Release;
		};
		8432AB111B52498B00F6A7ED /* Debug */ = {
			isa = XCBuildConfiguration;
			buildSettings = {
				BUNDLE_LOADER = "$(TEST_HOST)";
				FRAMEWORK_SEARCH_PATHS = (
					"$(SDKROOT)/Developer/Library/Frameworks",
					"$(inherited)",
				);
				GCC_PREPROCESSOR_DEFINITIONS = (
					"DEBUG=1",
					"$(inherited)",
				);
				INFOPLIST_FILE = SpiderBrowserTests/Info.plist;
				LD_RUNPATH_SEARCH_PATHS = "$(inherited) @executable_path/Frameworks @loader_path/Frameworks";
				PRODUCT_NAME = "$(TARGET_NAME)";
				TEST_HOST = "$(BUILT_PRODUCTS_DIR)/SpiderBrowser.app/SpiderBrowser";
			};
			name = Debug;
		};
		8432AB121B52498B00F6A7ED /* Release */ = {
			isa = XCBuildConfiguration;
			buildSettings = {
				BUNDLE_LOADER = "$(TEST_HOST)";
				FRAMEWORK_SEARCH_PATHS = (
					"$(SDKROOT)/Developer/Library/Frameworks",
					"$(inherited)",
				);
				INFOPLIST_FILE = SpiderBrowserTests/Info.plist;
				LD_RUNPATH_SEARCH_PATHS = "$(inherited) @executable_path/Frameworks @loader_path/Frameworks";
				PRODUCT_NAME = "$(TARGET_NAME)";
				TEST_HOST = "$(BUILT_PRODUCTS_DIR)/SpiderBrowser.app/SpiderBrowser";
			};
			name = Release;
		};
/* End XCBuildConfiguration section */

/* Begin XCConfigurationList section */
		8432AAE51B52498B00F6A7ED /* Build configuration list for PBXProject "SpiderBrowser" */ = {
			isa = XCConfigurationList;
			buildConfigurations = (
				8432AB0B1B52498B00F6A7ED /* Debug */,
				8432AB0C1B52498B00F6A7ED /* Release */,
			);
			defaultConfigurationIsVisible = 0;
			defaultConfigurationName = Release;
		};
		8432AB0D1B52498B00F6A7ED /* Build configuration list for PBXNativeTarget "SpiderBrowser" */ = {
			isa = XCConfigurationList;
			buildConfigurations = (
				8432AB0E1B52498B00F6A7ED /* Debug */,
				8432AB0F1B52498B00F6A7ED /* Release */,
			);
			defaultConfigurationIsVisible = 0;
		};
		8432AB101B52498B00F6A7ED /* Build configuration list for PBXNativeTarget "SpiderBrowserTests" */ = {
			isa = XCConfigurationList;
			buildConfigurations = (
				8432AB111B52498B00F6A7ED /* Debug */,
				8432AB121B52498B00F6A7ED /* Release */,
			);
			defaultConfigurationIsVisible = 0;
		};
/* End XCConfigurationList section */
	};
	rootObject = 8432AAE21B52498B00F6A7ED /* Project object */;
}
