// !$*UTF8*$!
{
	archiveVersion = 1;
	classes = {
	};
	objectVersion = 46;
	objects = {

/* Begin PBXBuildFile section */
		42D1A9661B5A3D7F00D28BD6 /* main.m in Sources */ = {isa = PBXBuildFile; fileRef = 42D1A9651B5A3D7F00D28BD6 /* main.m */; };
		42D1A9691B5A3D7F00D28BD6 /* AppDelegate.m in Sources */ = {isa = PBXBuildFile; fileRef = 42D1A9681B5A3D7F00D28BD6 /* AppDelegate.m */; };
		42D1A96C1B5A3D7F00D28BD6 /* MasterViewController.m in Sources */ = {isa = PBXBuildFile; fileRef = 42D1A96B1B5A3D7F00D28BD6 /* MasterViewController.m */; };
		42D1A96F1B5A3D7F00D28BD6 /* DetailViewController.m in Sources */ = {isa = PBXBuildFile; fileRef = 42D1A96E1B5A3D7F00D28BD6 /* DetailViewController.m */; };
		42D1A9721B5A3D7F00D28BD6 /* Main.storyboard in Resources */ = {isa = PBXBuildFile; fileRef = 42D1A9701B5A3D7F00D28BD6 /* Main.storyboard */; };
		42D1A9741B5A3D7F00D28BD6 /* Images.xcassets in Resources */ = {isa = PBXBuildFile; fileRef = 42D1A9731B5A3D7F00D28BD6 /* Images.xcassets */; };
		42D1A9771B5A3D7F00D28BD6 /* LaunchScreen.xib in Resources */ = {isa = PBXBuildFile; fileRef = 42D1A9751B5A3D7F00D28BD6 /* LaunchScreen.xib */; };
		42D1A9831B5A3D7F00D28BD6 /* SellingStuff2Tests.m in Sources */ = {isa = PBXBuildFile; fileRef = 42D1A9821B5A3D7F00D28BD6 /* SellingStuff2Tests.m */; };
/* End PBXBuildFile section */

/* Begin PBXContainerItemProxy section */
		42D1A97D1B5A3D7F00D28BD6 /* PBXContainerItemProxy */ = {
			isa = PBXContainerItemProxy;
			containerPortal = 42D1A9581B5A3D7F00D28BD6 /* Project object */;
			proxyType = 1;
			remoteGlobalIDString = 42D1A95F1B5A3D7F00D28BD6;
			remoteInfo = SellingStuff2;
		};
/* End PBXContainerItemProxy section */

/* Begin PBXFileReference section */
		42D1A9601B5A3D7F00D28BD6 /* SellingStuff2.app */ = {isa = PBXFileReference; explicitFileType = wrapper.application; includeInIndex = 0; path = SellingStuff2.app; sourceTree = BUILT_PRODUCTS_DIR; };
		42D1A9641B5A3D7F00D28BD6 /* Info.plist */ = {isa = PBXFileReference; lastKnownFileType = text.plist.xml; path = Info.plist; sourceTree = "<group>"; };
		42D1A9651B5A3D7F00D28BD6 /* main.m */ = {isa = PBXFileReference; lastKnownFileType = sourcecode.c.objc; path = main.m; sourceTree = "<group>"; };
		42D1A9671B5A3D7F00D28BD6 /* AppDelegate.h */ = {isa = PBXFileReference; lastKnownFileType = sourcecode.c.h; path = AppDelegate.h; sourceTree = "<group>"; };
		42D1A9681B5A3D7F00D28BD6 /* AppDelegate.m */ = {isa = PBXFileReference; lastKnownFileType = sourcecode.c.objc; path = AppDelegate.m; sourceTree = "<group>"; };
		42D1A96A1B5A3D7F00D28BD6 /* MasterViewController.h */ = {isa = PBXFileReference; lastKnownFileType = sourcecode.c.h; path = MasterViewController.h; sourceTree = "<group>"; };
		42D1A96B1B5A3D7F00D28BD6 /* MasterViewController.m */ = {isa = PBXFileReference; lastKnownFileType = sourcecode.c.objc; path = MasterViewController.m; sourceTree = "<group>"; };
		42D1A96D1B5A3D7F00D28BD6 /* DetailViewController.h */ = {isa = PBXFileReference; lastKnownFileType = sourcecode.c.h; path = DetailViewController.h; sourceTree = "<group>"; };
		42D1A96E1B5A3D7F00D28BD6 /* DetailViewController.m */ = {isa = PBXFileReference; lastKnownFileType = sourcecode.c.objc; path = DetailViewController.m; sourceTree = "<group>"; };
		42D1A9711B5A3D7F00D28BD6 /* Base */ = {isa = PBXFileReference; lastKnownFileType = file.storyboard; name = Base; path = Base.lproj/Main.storyboard; sourceTree = "<group>"; };
		42D1A9731B5A3D7F00D28BD6 /* Images.xcassets */ = {isa = PBXFileReference; lastKnownFileType = folder.assetcatalog; path = Images.xcassets; sourceTree = "<group>"; };
		42D1A9761B5A3D7F00D28BD6 /* Base */ = {isa = PBXFileReference; lastKnownFileType = file.xib; name = Base; path = Base.lproj/LaunchScreen.xib; sourceTree = "<group>"; };
		42D1A97C1B5A3D7F00D28BD6 /* SellingStuff2Tests.xctest */ = {isa = PBXFileReference; explicitFileType = wrapper.cfbundle; includeInIndex = 0; path = SellingStuff2Tests.xctest; sourceTree = BUILT_PRODUCTS_DIR; };
		42D1A9811B5A3D7F00D28BD6 /* Info.plist */ = {isa = PBXFileReference; lastKnownFileType = text.plist.xml; path = Info.plist; sourceTree = "<group>"; };
		42D1A9821B5A3D7F00D28BD6 /* SellingStuff2Tests.m */ = {isa = PBXFileReference; lastKnownFileType = sourcecode.c.objc; path = SellingStuff2Tests.m; sourceTree = "<group>"; };
/* End PBXFileReference section */

/* Begin PBXFrameworksBuildPhase section */
		42D1A95D1B5A3D7F00D28BD6 /* Frameworks */ = {
			isa = PBXFrameworksBuildPhase;
			buildActionMask = 2147483647;
			files = (
			);
			runOnlyForDeploymentPostprocessing = 0;
		};
		42D1A9791B5A3D7F00D28BD6 /* Frameworks */ = {
			isa = PBXFrameworksBuildPhase;
			buildActionMask = 2147483647;
			files = (
			);
			runOnlyForDeploymentPostprocessing = 0;
		};
/* End PBXFrameworksBuildPhase section */

/* Begin PBXGroup section */
		42D1A9571B5A3D7F00D28BD6 = {
			isa = PBXGroup;
			children = (
				42D1A9621B5A3D7F00D28BD6 /* SellingStuff2 */,
				42D1A97F1B5A3D7F00D28BD6 /* SellingStuff2Tests */,
				42D1A9611B5A3D7F00D28BD6 /* Products */,
			);
			sourceTree = "<group>";
		};
		42D1A9611B5A3D7F00D28BD6 /* Products */ = {
			isa = PBXGroup;
			children = (
				42D1A9601B5A3D7F00D28BD6 /* SellingStuff2.app */,
				42D1A97C1B5A3D7F00D28BD6 /* SellingStuff2Tests.xctest */,
			);
			name = Products;
			sourceTree = "<group>";
		};
		42D1A9621B5A3D7F00D28BD6 /* SellingStuff2 */ = {
			isa = PBXGroup;
			children = (
				42D1A9671B5A3D7F00D28BD6 /* AppDelegate.h */,
				42D1A9681B5A3D7F00D28BD6 /* AppDelegate.m */,
				42D1A96A1B5A3D7F00D28BD6 /* MasterViewController.h */,
				42D1A96B1B5A3D7F00D28BD6 /* MasterViewController.m */,
				42D1A96D1B5A3D7F00D28BD6 /* DetailViewController.h */,
				42D1A96E1B5A3D7F00D28BD6 /* DetailViewController.m */,
				42D1A9701B5A3D7F00D28BD6 /* Main.storyboard */,
				42D1A9731B5A3D7F00D28BD6 /* Images.xcassets */,
				42D1A9751B5A3D7F00D28BD6 /* LaunchScreen.xib */,
				42D1A9631B5A3D7F00D28BD6 /* Supporting Files */,
			);
			path = SellingStuff2;
			sourceTree = "<group>";
		};
		42D1A9631B5A3D7F00D28BD6 /* Supporting Files */ = {
			isa = PBXGroup;
			children = (
				42D1A9641B5A3D7F00D28BD6 /* Info.plist */,
				42D1A9651B5A3D7F00D28BD6 /* main.m */,
			);
			name = "Supporting Files";
			sourceTree = "<group>";
		};
		42D1A97F1B5A3D7F00D28BD6 /* SellingStuff2Tests */ = {
			isa = PBXGroup;
			children = (
				42D1A9821B5A3D7F00D28BD6 /* SellingStuff2Tests.m */,
				42D1A9801B5A3D7F00D28BD6 /* Supporting Files */,
			);
			path = SellingStuff2Tests;
			sourceTree = "<group>";
		};
		42D1A9801B5A3D7F00D28BD6 /* Supporting Files */ = {
			isa = PBXGroup;
			children = (
				42D1A9811B5A3D7F00D28BD6 /* Info.plist */,
			);
			name = "Supporting Files";
			sourceTree = "<group>";
		};
/* End PBXGroup section */

/* Begin PBXNativeTarget section */
		42D1A95F1B5A3D7F00D28BD6 /* SellingStuff2 */ = {
			isa = PBXNativeTarget;
			buildConfigurationList = 42D1A9861B5A3D7F00D28BD6 /* Build configuration list for PBXNativeTarget "SellingStuff2" */;
			buildPhases = (
				42D1A95C1B5A3D7F00D28BD6 /* Sources */,
				42D1A95D1B5A3D7F00D28BD6 /* Frameworks */,
				42D1A95E1B5A3D7F00D28BD6 /* Resources */,
			);
			buildRules = (
			);
			dependencies = (
			);
			name = SellingStuff2;
			productName = SellingStuff2;
			productReference = 42D1A9601B5A3D7F00D28BD6 /* SellingStuff2.app */;
			productType = "com.apple.product-type.application";
		};
		42D1A97B1B5A3D7F00D28BD6 /* SellingStuff2Tests */ = {
			isa = PBXNativeTarget;
			buildConfigurationList = 42D1A9891B5A3D7F00D28BD6 /* Build configuration list for PBXNativeTarget "SellingStuff2Tests" */;
			buildPhases = (
				42D1A9781B5A3D7F00D28BD6 /* Sources */,
				42D1A9791B5A3D7F00D28BD6 /* Frameworks */,
				42D1A97A1B5A3D7F00D28BD6 /* Resources */,
			);
			buildRules = (
			);
			dependencies = (
				42D1A97E1B5A3D7F00D28BD6 /* PBXTargetDependency */,
			);
			name = SellingStuff2Tests;
			productName = SellingStuff2Tests;
			productReference = 42D1A97C1B5A3D7F00D28BD6 /* SellingStuff2Tests.xctest */;
			productType = "com.apple.product-type.bundle.unit-test";
		};
/* End PBXNativeTarget section */

/* Begin PBXProject section */
		42D1A9581B5A3D7F00D28BD6 /* Project object */ = {
			isa = PBXProject;
			attributes = {
				LastUpgradeCheck = 0640;
				ORGANIZATIONNAME = iKompass;
				TargetAttributes = {
					42D1A95F1B5A3D7F00D28BD6 = {
						CreatedOnToolsVersion = 6.4;
					};
					42D1A97B1B5A3D7F00D28BD6 = {
						CreatedOnToolsVersion = 6.4;
						TestTargetID = 42D1A95F1B5A3D7F00D28BD6;
					};
				};
			};
			buildConfigurationList = 42D1A95B1B5A3D7F00D28BD6 /* Build configuration list for PBXProject "SellingStuff2" */;
			compatibilityVersion = "Xcode 3.2";
			developmentRegion = English;
			hasScannedForEncodings = 0;
			knownRegions = (
				en,
				Base,
			);
			mainGroup = 42D1A9571B5A3D7F00D28BD6;
			productRefGroup = 42D1A9611B5A3D7F00D28BD6 /* Products */;
			projectDirPath = "";
			projectRoot = "";
			targets = (
				42D1A95F1B5A3D7F00D28BD6 /* SellingStuff2 */,
				42D1A97B1B5A3D7F00D28BD6 /* SellingStuff2Tests */,
			);
		};
/* End PBXProject section */

/* Begin PBXResourcesBuildPhase section */
		42D1A95E1B5A3D7F00D28BD6 /* Resources */ = {
			isa = PBXResourcesBuildPhase;
			buildActionMask = 2147483647;
			files = (
				42D1A9721B5A3D7F00D28BD6 /* Main.storyboard in Resources */,
				42D1A9771B5A3D7F00D28BD6 /* LaunchScreen.xib in Resources */,
				42D1A9741B5A3D7F00D28BD6 /* Images.xcassets in Resources */,
			);
			runOnlyForDeploymentPostprocessing = 0;
		};
		42D1A97A1B5A3D7F00D28BD6 /* Resources */ = {
			isa = PBXResourcesBuildPhase;
			buildActionMask = 2147483647;
			files = (
			);
			runOnlyForDeploymentPostprocessing = 0;
		};
/* End PBXResourcesBuildPhase section */

/* Begin PBXSourcesBuildPhase section */
		42D1A95C1B5A3D7F00D28BD6 /* Sources */ = {
			isa = PBXSourcesBuildPhase;
			buildActionMask = 2147483647;
			files = (
				42D1A9691B5A3D7F00D28BD6 /* AppDelegate.m in Sources */,
				42D1A96C1B5A3D7F00D28BD6 /* MasterViewController.m in Sources */,
				42D1A9661B5A3D7F00D28BD6 /* main.m in Sources */,
				42D1A96F1B5A3D7F00D28BD6 /* DetailViewController.m in Sources */,
			);
			runOnlyForDeploymentPostprocessing = 0;
		};
		42D1A9781B5A3D7F00D28BD6 /* Sources */ = {
			isa = PBXSourcesBuildPhase;
			buildActionMask = 2147483647;
			files = (
				42D1A9831B5A3D7F00D28BD6 /* SellingStuff2Tests.m in Sources */,
			);
			runOnlyForDeploymentPostprocessing = 0;
		};
/* End PBXSourcesBuildPhase section */

/* Begin PBXTargetDependency section */
		42D1A97E1B5A3D7F00D28BD6 /* PBXTargetDependency */ = {
			isa = PBXTargetDependency;
			target = 42D1A95F1B5A3D7F00D28BD6 /* SellingStuff2 */;
			targetProxy = 42D1A97D1B5A3D7F00D28BD6 /* PBXContainerItemProxy */;
		};
/* End PBXTargetDependency section */

/* Begin PBXVariantGroup section */
		42D1A9701B5A3D7F00D28BD6 /* Main.storyboard */ = {
			isa = PBXVariantGroup;
			children = (
				42D1A9711B5A3D7F00D28BD6 /* Base */,
			);
			name = Main.storyboard;
			sourceTree = "<group>";
		};
		42D1A9751B5A3D7F00D28BD6 /* LaunchScreen.xib */ = {
			isa = PBXVariantGroup;
			children = (
				42D1A9761B5A3D7F00D28BD6 /* Base */,
			);
			name = LaunchScreen.xib;
			sourceTree = "<group>";
		};
/* End PBXVariantGroup section */

/* Begin XCBuildConfiguration section */
		42D1A9841B5A3D7F00D28BD6 /* Debug */ = {
			isa = XCBuildConfiguration;
			buildSettings = {
				ALWAYS_SEARCH_USER_PATHS = NO;
				CLANG_CXX_LANGUAGE_STANDARD = "gnu++0x";
				CLANG_CXX_LIBRARY = "libc++";
				CLANG_ENABLE_MODULES = YES;
				CLANG_ENABLE_OBJC_ARC = YES;
				CLANG_WARN_BOOL_CONVERSION = YES;
				CLANG_WARN_CONSTANT_CONVERSION = YES;
				CLANG_WARN_DIRECT_OBJC_ISA_USAGE = YES_ERROR;
				CLANG_WARN_EMPTY_BODY = YES;
				CLANG_WARN_ENUM_CONVERSION = YES;
				CLANG_WARN_INT_CONVERSION = YES;
				CLANG_WARN_OBJC_ROOT_CLASS = YES_ERROR;
				CLANG_WARN_UNREACHABLE_CODE = YES;
				CLANG_WARN__DUPLICATE_METHOD_MATCH = YES;
				"CODE_SIGN_IDENTITY[sdk=iphoneos*]" = "iPhone Developer";
				COPY_PHASE_STRIP = NO;
				DEBUG_INFORMATION_FORMAT = "dwarf-with-dsym";
				ENABLE_STRICT_OBJC_MSGSEND = YES;
				GCC_C_LANGUAGE_STANDARD = gnu99;
				GCC_DYNAMIC_NO_PIC = NO;
				GCC_NO_COMMON_BLOCKS = YES;
				GCC_OPTIMIZATION_LEVEL = 0;
				GCC_PREPROCESSOR_DEFINITIONS = (
					"DEBUG=1",
					"$(inherited)",
				);
				GCC_SYMBOLS_PRIVATE_EXTERN = NO;
				GCC_WARN_64_TO_32_BIT_CONVERSION = YES;
				GCC_WARN_ABOUT_RETURN_TYPE = YES_ERROR;
				GCC_WARN_UNDECLARED_SELECTOR = YES;
				GCC_WARN_UNINITIALIZED_AUTOS = YES_AGGRESSIVE;
				GCC_WARN_UNUSED_FUNCTION = YES;
				GCC_WARN_UNUSED_VARIABLE = YES;
				IPHONEOS_DEPLOYMENT_TARGET = 8.4;
				MTL_ENABLE_DEBUG_INFO = YES;
				ONLY_ACTIVE_ARCH = YES;
				SDKROOT = iphoneos;
				TARGETED_DEVICE_FAMILY = "1,2";
			};
			name = Debug;
		};
		42D1A9851B5A3D7F00D28BD6 /* Release */ = {
			isa = XCBuildConfiguration;
			buildSettings = {
				ALWAYS_SEARCH_USER_PATHS = NO;
				CLANG_CXX_LANGUAGE_STANDARD = "gnu++0x";
				CLANG_CXX_LIBRARY = "libc++";
				CLANG_ENABLE_MODULES = YES;
				CLANG_ENABLE_OBJC_ARC = YES;
				CLANG_WARN_BOOL_CONVERSION = YES;
				CLANG_WARN_CONSTANT_CONVERSION = YES;
				CLANG_WARN_DIRECT_OBJC_ISA_USAGE = YES_ERROR;
				CLANG_WARN_EMPTY_BODY = YES;
				CLANG_WARN_ENUM_CONVERSION = YES;
				CLANG_WARN_INT_CONVERSION = YES;
				CLANG_WARN_OBJC_ROOT_CLASS = YES_ERROR;
				CLANG_WARN_UNREACHABLE_CODE = YES;
				CLANG_WARN__DUPLICATE_METHOD_MATCH = YES;
				"CODE_SIGN_IDENTITY[sdk=iphoneos*]" = "iPhone Developer";
				COPY_PHASE_STRIP = NO;
				DEBUG_INFORMATION_FORMAT = "dwarf-with-dsym";
				ENABLE_NS_ASSERTIONS = NO;
				ENABLE_STRICT_OBJC_MSGSEND = YES;
				GCC_C_LANGUAGE_STANDARD = gnu99;
				GCC_NO_COMMON_BLOCKS = YES;
				GCC_WARN_64_TO_32_BIT_CONVERSION = YES;
				GCC_WARN_ABOUT_RETURN_TYPE = YES_ERROR;
				GCC_WARN_UNDECLARED_SELECTOR = YES;
				GCC_WARN_UNINITIALIZED_AUTOS = YES_AGGRESSIVE;
				GCC_WARN_UNUSED_FUNCTION = YES;
				GCC_WARN_UNUSED_VARIABLE = YES;
				IPHONEOS_DEPLOYMENT_TARGET = 8.4;
				MTL_ENABLE_DEBUG_INFO = NO;
				SDKROOT = iphoneos;
				TARGETED_DEVICE_FAMILY = "1,2";
				VALIDATE_PRODUCT = YES;
			};
			name = Release;
		};
		42D1A9871B5A3D7F00D28BD6 /* Debug */ = {
			isa = XCBuildConfiguration;
			buildSettings = {
				ASSETCATALOG_COMPILER_APPICON_NAME = AppIcon;
				INFOPLIST_FILE = SellingStuff2/Info.plist;
				LD_RUNPATH_SEARCH_PATHS = "$(inherited) @executable_path/Frameworks";
				PRODUCT_NAME = "$(TARGET_NAME)";
			};
			name = Debug;
		};
		42D1A9881B5A3D7F00D28BD6 /* Release */ = {
			isa = XCBuildConfiguration;
			buildSettings = {
				ASSETCATALOG_COMPILER_APPICON_NAME = AppIcon;
				INFOPLIST_FILE = SellingStuff2/Info.plist;
				LD_RUNPATH_SEARCH_PATHS = "$(inherited) @executable_path/Frameworks";
				PRODUCT_NAME = "$(TARGET_NAME)";
			};
			name = Release;
		};
		42D1A98A1B5A3D7F00D28BD6 /* Debug */ = {
			isa = XCBuildConfiguration;
			buildSettings = {
				BUNDLE_LOADER = "$(TEST_HOST)";
				FRAMEWORK_SEARCH_PATHS = (
					"$(SDKROOT)/Developer/Library/Frameworks",
					"$(inherited)",
				);
				GCC_PREPROCESSOR_DEFINITIONS = (
					"DEBUG=1",
					"$(inherited)",
				);
				INFOPLIST_FILE = SellingStuff2Tests/Info.plist;
				LD_RUNPATH_SEARCH_PATHS = "$(inherited) @executable_path/Frameworks @loader_path/Frameworks";
				PRODUCT_NAME = "$(TARGET_NAME)";
				TEST_HOST = "$(BUILT_PRODUCTS_DIR)/SellingStuff2.app/SellingStuff2";
			};
			name = Debug;
		};
		42D1A98B1B5A3D7F00D28BD6 /* Release */ = {
			isa = XCBuildConfiguration;
			buildSettings = {
				BUNDLE_LOADER = "$(TEST_HOST)";
				FRAMEWORK_SEARCH_PATHS = (
					"$(SDKROOT)/Developer/Library/Frameworks",
					"$(inherited)",
				);
				INFOPLIST_FILE = SellingStuff2Tests/Info.plist;
				LD_RUNPATH_SEARCH_PATHS = "$(inherited) @executable_path/Frameworks @loader_path/Frameworks";
				PRODUCT_NAME = "$(TARGET_NAME)";
				TEST_HOST = "$(BUILT_PRODUCTS_DIR)/SellingStuff2.app/SellingStuff2";
			};
			name = Release;
		};
/* End XCBuildConfiguration section */

/* Begin XCConfigurationList section */
		42D1A95B1B5A3D7F00D28BD6 /* Build configuration list for PBXProject "SellingStuff2" */ = {
			isa = XCConfigurationList;
			buildConfigurations = (
				42D1A9841B5A3D7F00D28BD6 /* Debug */,
				42D1A9851B5A3D7F00D28BD6 /* Release */,
			);
			defaultConfigurationIsVisible = 0;
			defaultConfigurationName = Release;
		};
		42D1A9861B5A3D7F00D28BD6 /* Build configuration list for PBXNativeTarget "SellingStuff2" */ = {
			isa = XCConfigurationList;
			buildConfigurations = (
				42D1A9871B5A3D7F00D28BD6 /* Debug */,
				42D1A9881B5A3D7F00D28BD6 /* Release */,
			);
			defaultConfigurationIsVisible = 0;
		};
		42D1A9891B5A3D7F00D28BD6 /* Build configuration list for PBXNativeTarget "SellingStuff2Tests" */ = {
			isa = XCConfigurationList;
			buildConfigurations = (
				42D1A98A1B5A3D7F00D28BD6 /* Debug */,
				42D1A98B1B5A3D7F00D28BD6 /* Release */,
			);
			defaultConfigurationIsVisible = 0;
		};
/* End XCConfigurationList section */
	};
	rootObject = 42D1A9581B5A3D7F00D28BD6 /* Project object */;
}
